# This file was autogenerated by Stack.
# You should not edit this file by hand.
# For more information, please see the documentation at:
#   https://docs.haskellstack.org/en/stable/lock_files

packages:
- completed:
    hackage: thrift-0.11.0@sha256:b3c5c46d5c3afde9b8d85d13ab054c22fac2d680c6a35cd56c0ac431936821d3,2733
    pantry-tree:
      size: 1358
      sha256: 7c1a6ab3c1f1a2711da922f8ba137ba90ec9949851b7a1c1b0de6cfe066e2170
  original:
    hackage: thrift-0.11.0
- completed:
    hackage: language-thrift-0.11.0.0@sha256:779e9134721dbc51d4d5feb57bddec1d2f9687459fc43501eb7748b4376bb1f6,2617
    pantry-tree:
      size: 1348
      sha256: 0d893a00810e8c64a579544ac3906a340d9ee61bd26bb25a13db6385135ee2ec
  original:
    hackage: language-thrift-0.11.0.0
- completed:
    subdir: thrift-haskell
    cabal-file:
      size: 1618
      sha256: 4df83f5df0354719940b8d0ea87fe5735bfa6e3241af14fd7fc2bf4f784ccf22
    name: thrift-haskell
    version: 0.1.0.0
    git: https://github.com/mut0u/thrift-haskell.git
    pantry-tree:
      size: 994
      sha256: a0534ce32d93993fc5e68b0df98447e031fb957e5fb26c085f28cd66ab65891c
    commit: 7959421d7a5a2d258cc8730afcec8a90ef9007e0
  original:
    subdir: thrift-haskell
    git: https://github.com/mut0u/thrift-haskell.git
    commit: 7959421d7a5a2d258cc8730afcec8a90ef9007e0
snapshots:
- completed:
    size: 545658
    url: https://raw.githubusercontent.com/commercialhaskell/stackage-snapshots/master/lts/14/12.yaml
    sha256: 26b807457213126d26b595439d705dc824dbb7618b0de6b900adc2bf6a059406
  original: lts-14.12
